// !$*UTF8*$!
{
	archiveVersion = 1;
	classes = {
	};
	objectVersion = 77;
	objects = {

/* Begin PBXBuildFile section */
		073B398B2DC33696009C32FD /* ContentView.swift in Sources */ = {isa = PBXBuildFile; fileRef = 073B39882DC33696009C32FD /* ContentView.swift */; };
		073B398C2DC33696009C32FD /* TallyApp.swift in Sources */ = {isa = PBXBuildFile; fileRef = 073B39892DC33696009C32FD /* TallyApp.swift */; };
		073B398D2DC33696009C32FD /* Assets.xcassets in Resources */ = {isa = PBXBuildFile; fileRef = 073B39872DC33696009C32FD /* Assets.xcassets */; };
		073B39902DC33699009C32FD /* TallyTests.swift in Sources */ = {isa = PBXBuildFile; fileRef = 073B398E2DC33699009C32FD /* TallyTests.swift */; };
		073B39942DC3369B009C32FD /* TallyUITests.swift in Sources */ = {isa = PBXBuildFile; fileRef = 073B39912DC3369B009C32FD /* TallyUITests.swift */; };
		073B39952DC3369B009C32FD /* TallyUITestsLaunchTests.swift in Sources */ = {isa = PBXBuildFile; fileRef = 073B39922DC3369B009C32FD /* TallyUITestsLaunchTests.swift */; };
		073B399E2DC3396B009C32FD /* HomeView.swift in Sources */ = {isa = PBXBuildFile; fileRef = 073B399D2DC3396B009C32FD /* HomeView.swift */; };
		073B39A02DC33A06009C32FD /* Extensions.swift in Sources */ = {isa = PBXBuildFile; fileRef = 073B399F2DC33A06009C32FD /* Extensions.swift */; };
		073B39A22DC3400D009C32FD /* NewCounterView.swift in Sources */ = {isa = PBXBuildFile; fileRef = 073B39A12DC3400D009C32FD /* NewCounterView.swift */; };
		073B39A52DC343F8009C32FD /* NavPath.swift in Sources */ = {isa = PBXBuildFile; fileRef = 073B39A42DC343F8009C32FD /* NavPath.swift */; };
/* End PBXBuildFile section */

/* Begin PBXContainerItemProxy section */
		073B396B2DC33585009C32FD /* PBXContainerItemProxy */ = {
			isa = PBXContainerItemProxy;
			containerPortal = 073B39552DC33583009C32FD /* Project object */;
			proxyType = 1;
			remoteGlobalIDString = 073B395C2DC33583009C32FD;
			remoteInfo = Tally;
		};
		073B39752DC33585009C32FD /* PBXContainerItemProxy */ = {
			isa = PBXContainerItemProxy;
			containerPortal = 073B39552DC33583009C32FD /* Project object */;
			proxyType = 1;
			remoteGlobalIDString = 073B395C2DC33583009C32FD;
			remoteInfo = Tally;
		};
/* End PBXContainerItemProxy section */

/* Begin PBXFileReference section */
		073B395D2DC33583009C32FD /* Tally.app */ = {isa = PBXFileReference; explicitFileType = wrapper.application; includeInIndex = 0; path = Tally.app; sourceTree = BUILT_PRODUCTS_DIR; };
		073B396A2DC33585009C32FD /* TallyTests.xctest */ = {isa = PBXFileReference; explicitFileType = wrapper.cfbundle; includeInIndex = 0; path = TallyTests.xctest; sourceTree = BUILT_PRODUCTS_DIR; };
		073B39742DC33585009C32FD /* TallyUITests.xctest */ = {isa = PBXFileReference; explicitFileType = wrapper.cfbundle; includeInIndex = 0; path = TallyUITests.xctest; sourceTree = BUILT_PRODUCTS_DIR; };
		073B39872DC33696009C32FD /* Assets.xcassets */ = {isa = PBXFileReference; lastKnownFileType = folder.assetcatalog; path = Assets.xcassets; sourceTree = "<group>"; };
		073B39882DC33696009C32FD /* ContentView.swift */ = {isa = PBXFileReference; lastKnownFileType = sourcecode.swift; path = ContentView.swift; sourceTree = "<group>"; };
		073B39892DC33696009C32FD /* TallyApp.swift */ = {isa = PBXFileReference; lastKnownFileType = sourcecode.swift; path = TallyApp.swift; sourceTree = "<group>"; };
		073B398E2DC33699009C32FD /* TallyTests.swift */ = {isa = PBXFileReference; lastKnownFileType = sourcecode.swift; path = TallyTests.swift; sourceTree = "<group>"; };
		073B39912DC3369B009C32FD /* TallyUITests.swift */ = {isa = PBXFileReference; lastKnownFileType = sourcecode.swift; path = TallyUITests.swift; sourceTree = "<group>"; };
		073B39922DC3369B009C32FD /* TallyUITestsLaunchTests.swift */ = {isa = PBXFileReference; lastKnownFileType = sourcecode.swift; path = TallyUITestsLaunchTests.swift; sourceTree = "<group>"; };
		073B399D2DC3396B009C32FD /* HomeView.swift */ = {isa = PBXFileReference; lastKnownFileType = sourcecode.swift; path = HomeView.swift; sourceTree = "<group>"; };
		073B399F2DC33A06009C32FD /* Extensions.swift */ = {isa = PBXFileReference; lastKnownFileType = sourcecode.swift; path = Extensions.swift; sourceTree = "<group>"; };
		073B39A12DC3400D009C32FD /* NewCounterView.swift */ = {isa = PBXFileReference; lastKnownFileType = sourcecode.swift; path = NewCounterView.swift; sourceTree = "<group>"; };
		073B39A42DC343F8009C32FD /* NavPath.swift */ = {isa = PBXFileReference; lastKnownFileType = sourcecode.swift; path = NavPath.swift; sourceTree = "<group>"; };
/* End PBXFileReference section */

/* Begin PBXFrameworksBuildPhase section */
		073B395A2DC33583009C32FD /* Frameworks */ = {
			isa = PBXFrameworksBuildPhase;
			buildActionMask = 2147483647;
			files = (
			);
			runOnlyForDeploymentPostprocessing = 0;
		};
		073B39672DC33585009C32FD /* Frameworks */ = {
			isa = PBXFrameworksBuildPhase;
			buildActionMask = 2147483647;
			files = (
			);
			runOnlyForDeploymentPostprocessing = 0;
		};
		073B39712DC33585009C32FD /* Frameworks */ = {
			isa = PBXFrameworksBuildPhase;
			buildActionMask = 2147483647;
			files = (
			);
			runOnlyForDeploymentPostprocessing = 0;
		};
/* End PBXFrameworksBuildPhase section */

/* Begin PBXGroup section */
		073B39542DC33583009C32FD = {
			isa = PBXGroup;
			children = (
				073B398A2DC33696009C32FD /* Tally */,
				073B398F2DC33699009C32FD /* TallyTests */,
				073B39932DC3369B009C32FD /* TallyUITests */,
				073B395E2DC33583009C32FD /* Products */,
			);
			sourceTree = "<group>";
		};
		073B395E2DC33583009C32FD /* Products */ = {
			isa = PBXGroup;
			children = (
				073B395D2DC33583009C32FD /* Tally.app */,
				073B396A2DC33585009C32FD /* TallyTests.xctest */,
				073B39742DC33585009C32FD /* TallyUITests.xctest */,
			);
			name = Products;
			sourceTree = "<group>";
		};
		073B398A2DC33696009C32FD /* Tally */ = {
			isa = PBXGroup;
			children = (
				073B39872DC33696009C32FD /* Assets.xcassets */,
				073B39992DC336B2009C32FD /* App */,
				073B399C2DC3391E009C32FD /* Models */,
				073B399B2DC33919009C32FD /* Views */,
				073B399A2DC33913009C32FD /* ViewModels */,
			);
			path = Tally;
			sourceTree = "<group>";
		};
		073B398F2DC33699009C32FD /* TallyTests */ = {
			isa = PBXGroup;
			children = (
				073B398E2DC33699009C32FD /* TallyTests.swift */,
			);
			path = TallyTests;
			sourceTree = "<group>";
		};
		073B39932DC3369B009C32FD /* TallyUITests */ = {
			isa = PBXGroup;
			children = (
				073B39912DC3369B009C32FD /* TallyUITests.swift */,
				073B39922DC3369B009C32FD /* TallyUITestsLaunchTests.swift */,
			);
			path = TallyUITests;
			sourceTree = "<group>";
		};
		073B39992DC336B2009C32FD /* App */ = {
			isa = PBXGroup;
			children = (
				073B39882DC33696009C32FD /* ContentView.swift */,
				073B39892DC33696009C32FD /* TallyApp.swift */,
				073B399F2DC33A06009C32FD /* Extensions.swift */,
			);
			path = App;
			sourceTree = "<group>";
		};
		073B399A2DC33913009C32FD /* ViewModels */ = {
			isa = PBXGroup;
			children = (
			);
			path = ViewModels;
			sourceTree = "<group>";
		};
		073B399B2DC33919009C32FD /* Views */ = {
			isa = PBXGroup;
			children = (
				073B399D2DC3396B009C32FD /* HomeView.swift */,
				073B39A12DC3400D009C32FD /* NewCounterView.swift */,
			);
			path = Views;
			sourceTree = "<group>";
		};
		073B399C2DC3391E009C32FD /* Models */ = {
			isa = PBXGroup;
			children = (
				073B39A42DC343F8009C32FD /* NavPath.swift */,
			);
			path = Models;
			sourceTree = "<group>";
		};
/* End PBXGroup section */

/* Begin PBXNativeTarget section */
		073B395C2DC33583009C32FD /* Tally */ = {
			isa = PBXNativeTarget;
			buildConfigurationList = 073B397E2DC33585009C32FD /* Build configuration list for PBXNativeTarget "Tally" */;
			buildPhases = (
				073B39592DC33583009C32FD /* Sources */,
				073B395A2DC33583009C32FD /* Frameworks */,
				073B395B2DC33583009C32FD /* Resources */,
			);
			buildRules = (
			);
			dependencies = (
			);
			name = Tally;
			packageProductDependencies = (
			);
			productName = Tally;
			productReference = 073B395D2DC33583009C32FD /* Tally.app */;
			productType = "com.apple.product-type.application";
		};
		073B39692DC33585009C32FD /* TallyTests */ = {
			isa = PBXNativeTarget;
			buildConfigurationList = 073B39812DC33585009C32FD /* Build configuration list for PBXNativeTarget "TallyTests" */;
			buildPhases = (
				073B39662DC33585009C32FD /* Sources */,
				073B39672DC33585009C32FD /* Frameworks */,
				073B39682DC33585009C32FD /* Resources */,
			);
			buildRules = (
			);
			dependencies = (
				073B396C2DC33585009C32FD /* PBXTargetDependency */,
			);
			name = TallyTests;
			packageProductDependencies = (
			);
			productName = TallyTests;
			productReference = 073B396A2DC33585009C32FD /* TallyTests.xctest */;
			productType = "com.apple.product-type.bundle.unit-test";
		};
		073B39732DC33585009C32FD /* TallyUITests */ = {
			isa = PBXNativeTarget;
			buildConfigurationList = 073B39842DC33585009C32FD /* Build configuration list for PBXNativeTarget "TallyUITests" */;
			buildPhases = (
				073B39702DC33585009C32FD /* Sources */,
				073B39712DC33585009C32FD /* Frameworks */,
				073B39722DC33585009C32FD /* Resources */,
			);
			buildRules = (
			);
			dependencies = (
				073B39762DC33585009C32FD /* PBXTargetDependency */,
			);
			name = TallyUITests;
			packageProductDependencies = (
			);
			productName = TallyUITests;
			productReference = 073B39742DC33585009C32FD /* TallyUITests.xctest */;
			productType = "com.apple.product-type.bundle.ui-testing";
		};
/* End PBXNativeTarget section */

/* Begin PBXProject section */
		073B39552DC33583009C32FD /* Project object */ = {
			isa = PBXProject;
			attributes = {
				BuildIndependentTargetsInParallel = 1;
				LastSwiftUpdateCheck = 1630;
				LastUpgradeCheck = 1630;
				TargetAttributes = {
					073B395C2DC33583009C32FD = {
						CreatedOnToolsVersion = 16.3;
					};
					073B39692DC33585009C32FD = {
						CreatedOnToolsVersion = 16.3;
						TestTargetID = 073B395C2DC33583009C32FD;
					};
					073B39732DC33585009C32FD = {
						CreatedOnToolsVersion = 16.3;
						TestTargetID = 073B395C2DC33583009C32FD;
					};
				};
			};
			buildConfigurationList = 073B39582DC33583009C32FD /* Build configuration list for PBXProject "Tally" */;
			developmentRegion = en;
			hasScannedForEncodings = 0;
			knownRegions = (
				en,
				Base,
			);
			mainGroup = 073B39542DC33583009C32FD;
			minimizedProjectReferenceProxies = 1;
			preferredProjectObjectVersion = 77;
			productRefGroup = 073B395E2DC33583009C32FD /* Products */;
			projectDirPath = "";
			projectRoot = "";
			targets = (
				073B395C2DC33583009C32FD /* Tally */,
				073B39692DC33585009C32FD /* TallyTests */,
				073B39732DC33585009C32FD /* TallyUITests */,
			);
		};
/* End PBXProject section */

/* Begin PBXResourcesBuildPhase section */
		073B395B2DC33583009C32FD /* Resources */ = {
			isa = PBXResourcesBuildPhase;
			buildActionMask = 2147483647;
			files = (
				073B398D2DC33696009C32FD /* Assets.xcassets in Resources */,
			);
			runOnlyForDeploymentPostprocessing = 0;
		};
		073B39682DC33585009C32FD /* Resources */ = {
			isa = PBXResourcesBuildPhase;
			buildActionMask = 2147483647;
			files = (
			);
			runOnlyForDeploymentPostprocessing = 0;
		};
		073B39722DC33585009C32FD /* Resources */ = {
			isa = PBXResourcesBuildPhase;
			buildActionMask = 2147483647;
			files = (
			);
			runOnlyForDeploymentPostprocessing = 0;
		};
/* End PBXResourcesBuildPhase section */

/* Begin PBXSourcesBuildPhase section */
		073B39592DC33583009C32FD /* Sources */ = {
			isa = PBXSourcesBuildPhase;
			buildActionMask = 2147483647;
			files = (
				073B39A22DC3400D009C32FD /* NewCounterView.swift in Sources */,
				073B399E2DC3396B009C32FD /* HomeView.swift in Sources */,
				073B398B2DC33696009C32FD /* ContentView.swift in Sources */,
				073B398C2DC33696009C32FD /* TallyApp.swift in Sources */,
				073B39A52DC343F8009C32FD /* NavPath.swift in Sources */,
				073B39A02DC33A06009C32FD /* Extensions.swift in Sources */,
			);
			runOnlyForDeploymentPostprocessing = 0;
		};
		073B39662DC33585009C32FD /* Sources */ = {
			isa = PBXSourcesBuildPhase;
			buildActionMask = 2147483647;
			files = (
				073B39902DC33699009C32FD /* TallyTests.swift in Sources */,
			);
			runOnlyForDeploymentPostprocessing = 0;
		};
		073B39702DC33585009C32FD /* Sources */ = {
			isa = PBXSourcesBuildPhase;
			buildActionMask = 2147483647;
			files = (
				073B39942DC3369B009C32FD /* TallyUITests.swift in Sources */,
				073B39952DC3369B009C32FD /* TallyUITestsLaunchTests.swift in Sources */,
			);
			runOnlyForDeploymentPostprocessing = 0;
		};
/* End PBXSourcesBuildPhase section */

/* Begin PBXTargetDependency section */
		073B396C2DC33585009C32FD /* PBXTargetDependency */ = {
			isa = PBXTargetDependency;
			target = 073B395C2DC33583009C32FD /* Tally */;
			targetProxy = 073B396B2DC33585009C32FD /* PBXContainerItemProxy */;
		};
		073B39762DC33585009C32FD /* PBXTargetDependency */ = {
			isa = PBXTargetDependency;
			target = 073B395C2DC33583009C32FD /* Tally */;
			targetProxy = 073B39752DC33585009C32FD /* PBXContainerItemProxy */;
		};
/* End PBXTargetDependency section */

/* Begin XCBuildConfiguration section */
		073B397C2DC33585009C32FD /* Debug */ = {
			isa = XCBuildConfiguration;
			buildSettings = {
				ALWAYS_SEARCH_USER_PATHS = NO;
				ASSETCATALOG_COMPILER_GENERATE_SWIFT_ASSET_SYMBOL_EXTENSIONS = YES;
				CLANG_ANALYZER_NONNULL = YES;
				CLANG_ANALYZER_NUMBER_OBJECT_CONVERSION = YES_AGGRESSIVE;
				CLANG_CXX_LANGUAGE_STANDARD = "gnu++20";
				CLANG_ENABLE_MODULES = YES;
				CLANG_ENABLE_OBJC_ARC = YES;
				CLANG_ENABLE_OBJC_WEAK = YES;
				CLANG_WARN_BLOCK_CAPTURE_AUTORELEASING = YES;
				CLANG_WARN_BOOL_CONVERSION = YES;
				CLANG_WARN_COMMA = YES;
				CLANG_WARN_CONSTANT_CONVERSION = YES;
				CLANG_WARN_DEPRECATED_OBJC_IMPLEMENTATIONS = YES;
				CLANG_WARN_DIRECT_OBJC_ISA_USAGE = YES_ERROR;
				CLANG_WARN_DOCUMENTATION_COMMENTS = YES;
				CLANG_WARN_EMPTY_BODY = YES;
				CLANG_WARN_ENUM_CONVERSION = YES;
				CLANG_WARN_INFINITE_RECURSION = YES;
				CLANG_WARN_INT_CONVERSION = YES;
				CLANG_WARN_NON_LITERAL_NULL_CONVERSION = YES;
				CLANG_WARN_OBJC_IMPLICIT_RETAIN_SELF = YES;
				CLANG_WARN_OBJC_LITERAL_CONVERSION = YES;
				CLANG_WARN_OBJC_ROOT_CLASS = YES_ERROR;
				CLANG_WARN_QUOTED_INCLUDE_IN_FRAMEWORK_HEADER = YES;
				CLANG_WARN_RANGE_LOOP_ANALYSIS = YES;
				CLANG_WARN_STRICT_PROTOTYPES = YES;
				CLANG_WARN_SUSPICIOUS_MOVE = YES;
				CLANG_WARN_UNGUARDED_AVAILABILITY = YES_AGGRESSIVE;
				CLANG_WARN_UNREACHABLE_CODE = YES;
				CLANG_WARN__DUPLICATE_METHOD_MATCH = YES;
				COPY_PHASE_STRIP = NO;
				DEBUG_INFORMATION_FORMAT = dwarf;
				DEVELOPMENT_TEAM = 5M79DDHHKU;
				ENABLE_STRICT_OBJC_MSGSEND = YES;
				ENABLE_TESTABILITY = YES;
				ENABLE_USER_SCRIPT_SANDBOXING = YES;
				GCC_C_LANGUAGE_STANDARD = gnu17;
				GCC_DYNAMIC_NO_PIC = NO;
				GCC_NO_COMMON_BLOCKS = YES;
				GCC_OPTIMIZATION_LEVEL = 0;
				GCC_PREPROCESSOR_DEFINITIONS = (
					"DEBUG=1",
					"$(inherited)",
				);
				GCC_WARN_64_TO_32_BIT_CONVERSION = YES;
				GCC_WARN_ABOUT_RETURN_TYPE = YES_ERROR;
				GCC_WARN_UNDECLARED_SELECTOR = YES;
				GCC_WARN_UNINITIALIZED_AUTOS = YES_AGGRESSIVE;
				GCC_WARN_UNUSED_FUNCTION = YES;
				GCC_WARN_UNUSED_VARIABLE = YES;
				IPHONEOS_DEPLOYMENT_TARGET = 18.4;
				LOCALIZATION_PREFERS_STRING_CATALOGS = YES;
				MTL_ENABLE_DEBUG_INFO = INCLUDE_SOURCE;
				MTL_FAST_MATH = YES;
				ONLY_ACTIVE_ARCH = YES;
				SDKROOT = iphoneos;
				SWIFT_ACTIVE_COMPILATION_CONDITIONS = "DEBUG $(inherited)";
				SWIFT_OPTIMIZATION_LEVEL = "-Onone";
			};
			name = Debug;
		};
		073B397D2DC33585009C32FD /* Release */ = {
			isa = XCBuildConfiguration;
			buildSettings = {
				ALWAYS_SEARCH_USER_PATHS = NO;
				ASSETCATALOG_COMPILER_GENERATE_SWIFT_ASSET_SYMBOL_EXTENSIONS = YES;
				CLANG_ANALYZER_NONNULL = YES;
				CLANG_ANALYZER_NUMBER_OBJECT_CONVERSION = YES_AGGRESSIVE;
				CLANG_CXX_LANGUAGE_STANDARD = "gnu++20";
				CLANG_ENABLE_MODULES = YES;
				CLANG_ENABLE_OBJC_ARC = YES;
				CLANG_ENABLE_OBJC_WEAK = YES;
				CLANG_WARN_BLOCK_CAPTURE_AUTORELEASING = YES;
				CLANG_WARN_BOOL_CONVERSION = YES;
				CLANG_WARN_COMMA = YES;
				CLANG_WARN_CONSTANT_CONVERSION = YES;
				CLANG_WARN_DEPRECATED_OBJC_IMPLEMENTATIONS = YES;
				CLANG_WARN_DIRECT_OBJC_ISA_USAGE = YES_ERROR;
				CLANG_WARN_DOCUMENTATION_COMMENTS = YES;
				CLANG_WARN_EMPTY_BODY = YES;
				CLANG_WARN_ENUM_CONVERSION = YES;
				CLANG_WARN_INFINITE_RECURSION = YES;
				CLANG_WARN_INT_CONVERSION = YES;
				CLANG_WARN_NON_LITERAL_NULL_CONVERSION = YES;
				CLANG_WARN_OBJC_IMPLICIT_RETAIN_SELF = YES;
				CLANG_WARN_OBJC_LITERAL_CONVERSION = YES;
				CLANG_WARN_OBJC_ROOT_CLASS = YES_ERROR;
				CLANG_WARN_QUOTED_INCLUDE_IN_FRAMEWORK_HEADER = YES;
				CLANG_WARN_RANGE_LOOP_ANALYSIS = YES;
				CLANG_WARN_STRICT_PROTOTYPES = YES;
				CLANG_WARN_SUSPICIOUS_MOVE = YES;
				CLANG_WARN_UNGUARDED_AVAILABILITY = YES_AGGRESSIVE;
				CLANG_WARN_UNREACHABLE_CODE = YES;
				CLANG_WARN__DUPLICATE_METHOD_MATCH = YES;
				COPY_PHASE_STRIP = NO;
				DEBUG_INFORMATION_FORMAT = "dwarf-with-dsym";
				DEVELOPMENT_TEAM = 5M79DDHHKU;
				ENABLE_NS_ASSERTIONS = NO;
				ENABLE_STRICT_OBJC_MSGSEND = YES;
				ENABLE_USER_SCRIPT_SANDBOXING = YES;
				GCC_C_LANGUAGE_STANDARD = gnu17;
				GCC_NO_COMMON_BLOCKS = YES;
				GCC_WARN_64_TO_32_BIT_CONVERSION = YES;
				GCC_WARN_ABOUT_RETURN_TYPE = YES_ERROR;
				GCC_WARN_UNDECLARED_SELECTOR = YES;
				GCC_WARN_UNINITIALIZED_AUTOS = YES_AGGRESSIVE;
				GCC_WARN_UNUSED_FUNCTION = YES;
				GCC_WARN_UNUSED_VARIABLE = YES;
				IPHONEOS_DEPLOYMENT_TARGET = 18.4;
				LOCALIZATION_PREFERS_STRING_CATALOGS = YES;
				MTL_ENABLE_DEBUG_INFO = NO;
				MTL_FAST_MATH = YES;
				SDKROOT = iphoneos;
				SWIFT_COMPILATION_MODE = wholemodule;
				VALIDATE_PRODUCT = YES;
			};
			name = Release;
		};
		073B397F2DC33585009C32FD /* Debug */ = {
			isa = XCBuildConfiguration;
			buildSettings = {
				ASSETCATALOG_COMPILER_APPICON_NAME = AppIcon;
				ASSETCATALOG_COMPILER_GLOBAL_ACCENT_COLOR_NAME = AccentColor;
				CODE_SIGN_STYLE = Automatic;
				CURRENT_PROJECT_VERSION = 1;
				DEVELOPMENT_TEAM = 5M79DDHHKU;
				ENABLE_PREVIEWS = YES;
				GENERATE_INFOPLIST_FILE = YES;
				INFOPLIST_KEY_UIApplicationSceneManifest_Generation = YES;
				INFOPLIST_KEY_UIApplicationSupportsIndirectInputEvents = YES;
				INFOPLIST_KEY_UILaunchScreen_Generation = YES;
				INFOPLIST_KEY_UISupportedInterfaceOrientations_iPad = "UIInterfaceOrientationPortrait UIInterfaceOrientationPortraitUpsideDown UIInterfaceOrientationLandscapeLeft UIInterfaceOrientationLandscapeRight";
				INFOPLIST_KEY_UISupportedInterfaceOrientations_iPhone = "UIInterfaceOrientationPortrait UIInterfaceOrientationLandscapeLeft UIInterfaceOrientationLandscapeRight";
				LD_RUNPATH_SEARCH_PATHS = (
					"$(inherited)",
					"@executable_path/Frameworks",
				);
				MARKETING_VERSION = 1.0;
				PRODUCT_BUNDLE_IDENTIFIER = com.greggyphenom.Tally;
				PRODUCT_NAME = "$(TARGET_NAME)";
				SWIFT_EMIT_LOC_STRINGS = YES;
				SWIFT_VERSION = 5.0;
				TARGETED_DEVICE_FAMILY = "1,2";
			};
			name = Debug;
		};
		073B39802DC33585009C32FD /* Release */ = {
			isa = XCBuildConfiguration;
			buildSettings = {
				ASSETCATALOG_COMPILER_APPICON_NAME = AppIcon;
				ASSETCATALOG_COMPILER_GLOBAL_ACCENT_COLOR_NAME = AccentColor;
				CODE_SIGN_STYLE = Automatic;
				CURRENT_PROJECT_VERSION = 1;
				DEVELOPMENT_TEAM = 5M79DDHHKU;
				ENABLE_PREVIEWS = YES;
				GENERATE_INFOPLIST_FILE = YES;
				INFOPLIST_KEY_UIApplicationSceneManifest_Generation = YES;
				INFOPLIST_KEY_UIApplicationSupportsIndirectInputEvents = YES;
				INFOPLIST_KEY_UILaunchScreen_Generation = YES;
				INFOPLIST_KEY_UISupportedInterfaceOrientations_iPad = "UIInterfaceOrientationPortrait UIInterfaceOrientationPortraitUpsideDown UIInterfaceOrientationLandscapeLeft UIInterfaceOrientationLandscapeRight";
				INFOPLIST_KEY_UISupportedInterfaceOrientations_iPhone = "UIInterfaceOrientationPortrait UIInterfaceOrientationLandscapeLeft UIInterfaceOrientationLandscapeRight";
				LD_RUNPATH_SEARCH_PATHS = (
					"$(inherited)",
					"@executable_path/Frameworks",
				);
				MARKETING_VERSION = 1.0;
				PRODUCT_BUNDLE_IDENTIFIER = com.greggyphenom.Tally;
				PRODUCT_NAME = "$(TARGET_NAME)";
				SWIFT_EMIT_LOC_STRINGS = YES;
				SWIFT_VERSION = 5.0;
				TARGETED_DEVICE_FAMILY = "1,2";
			};
			name = Release;
		};
		073B39822DC33585009C32FD /* Debug */ = {
			isa = XCBuildConfiguration;
			buildSettings = {
				BUNDLE_LOADER = "$(TEST_HOST)";
				CODE_SIGN_STYLE = Automatic;
				CURRENT_PROJECT_VERSION = 1;
				DEVELOPMENT_TEAM = 5M79DDHHKU;
				GENERATE_INFOPLIST_FILE = YES;
				IPHONEOS_DEPLOYMENT_TARGET = 18.4;
				MARKETING_VERSION = 1.0;
				PRODUCT_BUNDLE_IDENTIFIER = com.greggyphenom.TallyTests;
				PRODUCT_NAME = "$(TARGET_NAME)";
				SWIFT_EMIT_LOC_STRINGS = NO;
				SWIFT_VERSION = 5.0;
				TARGETED_DEVICE_FAMILY = "1,2";
				TEST_HOST = "$(BUILT_PRODUCTS_DIR)/Tally.app/$(BUNDLE_EXECUTABLE_FOLDER_PATH)/Tally";
			};
			name = Debug;
		};
		073B39832DC33585009C32FD /* Release */ = {
			isa = XCBuildConfiguration;
			buildSettings = {
				BUNDLE_LOADER = "$(TEST_HOST)";
				CODE_SIGN_STYLE = Automatic;
				CURRENT_PROJECT_VERSION = 1;
				DEVELOPMENT_TEAM = 5M79DDHHKU;
				GENERATE_INFOPLIST_FILE = YES;
				IPHONEOS_DEPLOYMENT_TARGET = 18.4;
				MARKETING_VERSION = 1.0;
				PRODUCT_BUNDLE_IDENTIFIER = com.greggyphenom.TallyTests;
				PRODUCT_NAME = "$(TARGET_NAME)";
				SWIFT_EMIT_LOC_STRINGS = NO;
				SWIFT_VERSION = 5.0;
				TARGETED_DEVICE_FAMILY = "1,2";
				TEST_HOST = "$(BUILT_PRODUCTS_DIR)/Tally.app/$(BUNDLE_EXECUTABLE_FOLDER_PATH)/Tally";
			};
			name = Release;
		};
		073B39852DC33585009C32FD /* Debug */ = {
			isa = XCBuildConfiguration;
			buildSettings = {
				CODE_SIGN_STYLE = Automatic;
				CURRENT_PROJECT_VERSION = 1;
				DEVELOPMENT_TEAM = 5M79DDHHKU;
				GENERATE_INFOPLIST_FILE = YES;
				MARKETING_VERSION = 1.0;
				PRODUCT_BUNDLE_IDENTIFIER = com.greggyphenom.TallyUITests;
				PRODUCT_NAME = "$(TARGET_NAME)";
				SWIFT_EMIT_LOC_STRINGS = NO;
				SWIFT_VERSION = 5.0;
				TARGETED_DEVICE_FAMILY = "1,2";
				TEST_TARGET_NAME = Tally;
			};
			name = Debug;
		};
		073B39862DC33585009C32FD /* Release */ = {
			isa = XCBuildConfiguration;
			buildSettings = {
				CODE_SIGN_STYLE = Automatic;
				CURRENT_PROJECT_VERSION = 1;
				DEVELOPMENT_TEAM = 5M79DDHHKU;
				GENERATE_INFOPLIST_FILE = YES;
				MARKETING_VERSION = 1.0;
				PRODUCT_BUNDLE_IDENTIFIER = com.greggyphenom.TallyUITests;
				PRODUCT_NAME = "$(TARGET_NAME)";
				SWIFT_EMIT_LOC_STRINGS = NO;
				SWIFT_VERSION = 5.0;
				TARGETED_DEVICE_FAMILY = "1,2";
				TEST_TARGET_NAME = Tally;
			};
			name = Release;
		};
/* End XCBuildConfiguration section */

/* Begin XCConfigurationList section */
		073B39582DC33583009C32FD /* Build configuration list for PBXProject "Tally" */ = {
			isa = XCConfigurationList;
			buildConfigurations = (
				073B397C2DC33585009C32FD /* Debug */,
				073B397D2DC33585009C32FD /* Release */,
			);
			defaultConfigurationIsVisible = 0;
			defaultConfigurationName = Release;
		};
		073B397E2DC33585009C32FD /* Build configuration list for PBXNativeTarget "Tally" */ = {
			isa = XCConfigurationList;
			buildConfigurations = (
				073B397F2DC33585009C32FD /* Debug */,
				073B39802DC33585009C32FD /* Release */,
			);
			defaultConfigurationIsVisible = 0;
			defaultConfigurationName = Release;
		};
		073B39812DC33585009C32FD /* Build configuration list for PBXNativeTarget "TallyTests" */ = {
			isa = XCConfigurationList;
			buildConfigurations = (
				073B39822DC33585009C32FD /* Debug */,
				073B39832DC33585009C32FD /* Release */,
			);
			defaultConfigurationIsVisible = 0;
			defaultConfigurationName = Release;
		};
		073B39842DC33585009C32FD /* Build configuration list for PBXNativeTarget "TallyUITests" */ = {
			isa = XCConfigurationList;
			buildConfigurations = (
				073B39852DC33585009C32FD /* Debug */,
				073B39862DC33585009C32FD /* Release */,
			);
			defaultConfigurationIsVisible = 0;
			defaultConfigurationName = Release;
		};
/* End XCConfigurationList section */
	};
	rootObject = 073B39552DC33583009C32FD /* Project object */;
}
